
Microsoft Visual Studio Solution File, Format Version 12.00
# Visual Studio Version 17
VisualStudioVersion = 17.6.33723.286
MinimumVisualStudioVersion = 10.0.40219.1
Project("{FAE04EC0-301F-11D3-BF4B-00C04F79EFBC}") = "WebAPI_Demo", "WebAPI_Demo\WebAPI_Demo.csproj", "{C7B0E052-8F8D-4929-A7BD-B69D1E69E4AD}"
EndProject
Global
	GlobalSection(SolutionConfigurationPlatforms) = preSolution
		Debug|Any CPU = Debug|Any CPU
		Release|Any CPU = Release|Any CPU
	EndGlobalSection
	GlobalSection(ProjectConfigurationPlatforms) = postSolution
		{C7B0E052-8F8D-4929-A7BD-B69D1E69E4AD}.Debug|Any CPU.ActiveCfg = Debug|Any CPU
		{C7B0E052-8F8D-4929-A7BD-B69D1E69E4AD}.Debug|Any CPU.Build.0 = Debug|Any CPU
		{C7B0E052-8F8D-4929-A7BD-B69D1E69E4AD}.Release|Any CPU.ActiveCfg = Release|Any CPU
		{C7B0E052-8F8D-4929-A7BD-B69D1E69E4AD}.Release|Any CPU.Build.0 = Release|Any CPU
	EndGlobalSection
	GlobalSection(SolutionProperties) = preSolution
		HideSolutionNode = FALSE
	EndGlobalSection
	GlobalSection(ExtensibilityGlobals) = postSolution
		SolutionGuid = {952EABF0-46D6-4C7C-949D-4102F00DC83A}
	EndGlobalSection
EndGlobal
